
Microsoft Visual Studio Solution File, Format Version 12.00
# Visual Studio Version 17
VisualStudioVersion = 17.5.33502.453
MinimumVisualStudioVersion = 10.0.40219.1
Project("{FAE04EC0-301F-11D3-BF4B-00C04F79EFBC}") = "ChatIFSP", "ChatIFSP\ChatIFSP.csproj", "{1B4366FA-3752-4898-A9C2-6B6E08CF317D}"
EndProject
Global
	GlobalSection(SolutionConfigurationPlatforms) = preSolution
		Debug|Any CPU = Debug|Any CPU
		Release|Any CPU = Release|Any CPU
	EndGlobalSection
	GlobalSection(ProjectConfigurationPlatforms) = postSolution
		{1B4366FA-3752-4898-A9C2-6B6E08CF317D}.Debug|Any CPU.ActiveCfg = Debug|Any CPU
		{1B4366FA-3752-4898-A9C2-6B6E08CF317D}.Debug|Any CPU.Build.0 = Debug|Any CPU
		{1B4366FA-3752-4898-A9C2-6B6E08CF317D}.Release|Any CPU.ActiveCfg = Release|Any CPU
		{1B4366FA-3752-4898-A9C2-6B6E08CF317D}.Release|Any CPU.Build.0 = Release|Any CPU
	EndGlobalSection
	GlobalSection(SolutionProperties) = preSolution
		HideSolutionNode = FALSE
	EndGlobalSection
	GlobalSection(ExtensibilityGlobals) = postSolution
		SolutionGuid = {91E96B60-D368-4BE9-8F7B-C49B5631536C}
	EndGlobalSection
EndGlobal
